
Microsoft Visual Studio Solution File, Format Version 12.00
# Visual Studio 14
VisualStudioVersion = 14.0.25420.1
MinimumVisualStudioVersion = 10.0.40219.1
Project("{8BC9CEB8-8B4A-11D0-8D11-00A0C91BC942}") = "Compilador", "Compilador.vcxproj", "{81B07828-4E89-47EB-9A90-8C2BB55ED2B4}"
EndProject
Project("{8BC9CEB8-8B4A-11D0-8D11-00A0C91BC942}") = "AnalizadorLexico", "AnalizadorLexico\AnalizadorLexico.vcxproj", "{0EC25B5D-E2A9-4CD5-A2B8-8A602108C208}"
EndProject
Project("{8BC9CEB8-8B4A-11D0-8D11-00A0C91BC942}") = "AnalizadorSintactico", "AnalizadorSintactico\AnalizadorSintactico.vcxproj", "{8D835A81-3A8F-42D1-B2EE-3B69C0A93874}"
EndProject
Project("{8BC9CEB8-8B4A-11D0-8D11-00A0C91BC942}") = "AnalizadorSemantico", "AnalizadorSemantico\AnalizadorSemantico.vcxproj", "{1BDE0D49-80C8-4572-B360-3E0E070A1040}"
EndProject
Project("{8BC9CEB8-8B4A-11D0-8D11-00A0C91BC942}") = "CompiladorLib", "CompiladorLib\CompiladorLib.vcxproj", "{E37D0223-E936-4D7C-8320-77ED89FEBA84}"
EndProject
Global
	GlobalSection(SolutionConfigurationPlatforms) = preSolution
		Debug|x64 = Debug|x64
		Debug|x86 = Debug|x86
		Release|x64 = Release|x64
		Release|x86 = Release|x86
	EndGlobalSection
	GlobalSection(ProjectConfigurationPlatforms) = postSolution
		{81B07828-4E89-47EB-9A90-8C2BB55ED2B4}.Debug|x64.ActiveCfg = Debug|x64
		{81B07828-4E89-47EB-9A90-8C2BB55ED2B4}.Debug|x64.Build.0 = Debug|x64
		{81B07828-4E89-47EB-9A90-8C2BB55ED2B4}.Debug|x86.ActiveCfg = Debug|Win32
		{81B07828-4E89-47EB-9A90-8C2BB55ED2B4}.Debug|x86.Build.0 = Debug|Win32
		{81B07828-4E89-47EB-9A90-8C2BB55ED2B4}.Release|x64.ActiveCfg = Release|x64
		{81B07828-4E89-47EB-9A90-8C2BB55ED2B4}.Release|x64.Build.0 = Release|x64
		{81B07828-4E89-47EB-9A90-8C2BB55ED2B4}.Release|x86.ActiveCfg = Release|Win32
		{81B07828-4E89-47EB-9A90-8C2BB55ED2B4}.Release|x86.Build.0 = Release|Win32
		{0EC25B5D-E2A9-4CD5-A2B8-8A602108C208}.Debug|x64.ActiveCfg = Debug|x64
		{0EC25B5D-E2A9-4CD5-A2B8-8A602108C208}.Debug|x64.Build.0 = Debug|x64
		{0EC25B5D-E2A9-4CD5-A2B8-8A602108C208}.Debug|x86.ActiveCfg = Debug|Win32
		{0EC25B5D-E2A9-4CD5-A2B8-8A602108C208}.Debug|x86.Build.0 = Debug|Win32
		{0EC25B5D-E2A9-4CD5-A2B8-8A602108C208}.Release|x64.ActiveCfg = Release|x64
		{0EC25B5D-E2A9-4CD5-A2B8-8A602108C208}.Release|x64.Build.0 = Release|x64
		{0EC25B5D-E2A9-4CD5-A2B8-8A602108C208}.Release|x86.ActiveCfg = Release|Win32
		{0EC25B5D-E2A9-4CD5-A2B8-8A602108C208}.Release|x86.Build.0 = Release|Win32
		{8D835A81-3A8F-42D1-B2EE-3B69C0A93874}.Debug|x64.ActiveCfg = Debug|x64
		{8D835A81-3A8F-42D1-B2EE-3B69C0A93874}.Debug|x64.Build.0 = Debug|x64
		{8D835A81-3A8F-42D1-B2EE-3B69C0A93874}.Debug|x86.ActiveCfg = Debug|Win32
		{8D835A81-3A8F-42D1-B2EE-3B69C0A93874}.Debug|x86.Build.0 = Debug|Win32
		{8D835A81-3A8F-42D1-B2EE-3B69C0A93874}.Release|x64.ActiveCfg = Release|x64
		{8D835A81-3A8F-42D1-B2EE-3B69C0A93874}.Release|x64.Build.0 = Release|x64
		{8D835A81-3A8F-42D1-B2EE-3B69C0A93874}.Release|x86.ActiveCfg = Release|Win32
		{8D835A81-3A8F-42D1-B2EE-3B69C0A93874}.Release|x86.Build.0 = Release|Win32
		{1BDE0D49-80C8-4572-B360-3E0E070A1040}.Debug|x64.ActiveCfg = Debug|x64
		{1BDE0D49-80C8-4572-B360-3E0E070A1040}.Debug|x64.Build.0 = Debug|x64
		{1BDE0D49-80C8-4572-B360-3E0E070A1040}.Debug|x86.ActiveCfg = Debug|Win32
		{1BDE0D49-80C8-4572-B360-3E0E070A1040}.Debug|x86.Build.0 = Debug|Win32
		{1BDE0D49-80C8-4572-B360-3E0E070A1040}.Release|x64.ActiveCfg = Release|x64
		{1BDE0D49-80C8-4572-B360-3E0E070A1040}.Release|x64.Build.0 = Release|x64
		{1BDE0D49-80C8-4572-B360-3E0E070A1040}.Release|x86.ActiveCfg = Release|Win32
		{1BDE0D49-80C8-4572-B360-3E0E070A1040}.Release|x86.Build.0 = Release|Win32
		{E37D0223-E936-4D7C-8320-77ED89FEBA84}.Debug|x64.ActiveCfg = Debug|x64
		{E37D0223-E936-4D7C-8320-77ED89FEBA84}.Debug|x64.Build.0 = Debug|x64
		{E37D0223-E936-4D7C-8320-77ED89FEBA84}.Debug|x86.ActiveCfg = Debug|Win32
		{E37D0223-E936-4D7C-8320-77ED89FEBA84}.Debug|x86.Build.0 = Debug|Win32
		{E37D0223-E936-4D7C-8320-77ED89FEBA84}.Release|x64.ActiveCfg = Release|x64
		{E37D0223-E936-4D7C-8320-77ED89FEBA84}.Release|x64.Build.0 = Release|x64
		{E37D0223-E936-4D7C-8320-77ED89FEBA84}.Release|x86.ActiveCfg = Release|Win32
		{E37D0223-E936-4D7C-8320-77ED89FEBA84}.Release|x86.Build.0 = Release|Win32
	EndGlobalSection
	GlobalSection(SolutionProperties) = preSolution
		HideSolutionNode = FALSE
	EndGlobalSection
EndGlobal
